
Microsoft Visual Studio Solution File, Format Version 12.00
# Visual Studio Version 17
VisualStudioVersion = 17.4.33213.308
MinimumVisualStudioVersion = 10.0.40219.1
Project("{FAE04EC0-301F-11D3-BF4B-00C04F79EFBC}") = "ShoppingListAPI", "ShoppingListAPI\ShoppingListAPI.csproj", "{A5ECA42D-AA99-428E-82A3-FD8518DF412A}"
EndProject
Global
	GlobalSection(SolutionConfigurationPlatforms) = preSolution
		Debug|Any CPU = Debug|Any CPU
		Release|Any CPU = Release|Any CPU
	EndGlobalSection
	GlobalSection(ProjectConfigurationPlatforms) = postSolution
		{A5ECA42D-AA99-428E-82A3-FD8518DF412A}.Debug|Any CPU.ActiveCfg = Debug|Any CPU
		{A5ECA42D-AA99-428E-82A3-FD8518DF412A}.Debug|Any CPU.Build.0 = Debug|Any CPU
		{A5ECA42D-AA99-428E-82A3-FD8518DF412A}.Release|Any CPU.ActiveCfg = Release|Any CPU
		{A5ECA42D-AA99-428E-82A3-FD8518DF412A}.Release|Any CPU.Build.0 = Release|Any CPU
	EndGlobalSection
	GlobalSection(SolutionProperties) = preSolution
		HideSolutionNode = FALSE
	EndGlobalSection
	GlobalSection(ExtensibilityGlobals) = postSolution
		SolutionGuid = {FCE6342A-53FA-4A5C-A7DD-024EBE9A12CF}
	EndGlobalSection
EndGlobal
